// !$*UTF8*$!
{
	archiveVersion = 1;
	classes = {
	};
	objectVersion = 46;
	objects = {

/* Begin PBXBuildFile section */
		71A042D21D1CD7A8008A6269 /* AppDelegate.swift in Sources */ = {isa = PBXBuildFile; fileRef = 71A042D11D1CD7A8008A6269 /* AppDelegate.swift */; };
		71A042D41D1CD7A8008A6269 /* ViewController.swift in Sources */ = {isa = PBXBuildFile; fileRef = 71A042D31D1CD7A8008A6269 /* ViewController.swift */; };
		71A042D71D1CD7A8008A6269 /* Main.storyboard in Resources */ = {isa = PBXBuildFile; fileRef = 71A042D51D1CD7A8008A6269 /* Main.storyboard */; };
		71A042D91D1CD7A8008A6269 /* Assets.xcassets in Resources */ = {isa = PBXBuildFile; fileRef = 71A042D81D1CD7A8008A6269 /* Assets.xcassets */; };
		71A042DC1D1CD7A8008A6269 /* LaunchScreen.storyboard in Resources */ = {isa = PBXBuildFile; fileRef = 71A042DA1D1CD7A8008A6269 /* LaunchScreen.storyboard */; };
/* End PBXBuildFile section */

/* Begin PBXFileReference section */
		71A042CE1D1CD7A8008A6269 /* Warmup.app */ = {isa = PBXFileReference; explicitFileType = wrapper.application; includeInIndex = 0; path = Warmup.app; sourceTree = BUILT_PRODUCTS_DIR; };
		71A042D11D1CD7A8008A6269 /* AppDelegate.swift */ = {isa = PBXFileReference; lastKnownFileType = sourcecode.swift; path = AppDelegate.swift; sourceTree = "<group>"; };
		71A042D31D1CD7A8008A6269 /* ViewController.swift */ = {isa = PBXFileReference; lastKnownFileType = sourcecode.swift; path = ViewController.swift; sourceTree = "<group>"; };
		71A042D61D1CD7A8008A6269 /* Base */ = {isa = PBXFileReference; lastKnownFileType = file.storyboard; name = Base; path = Base.lproj/Main.storyboard; sourceTree = "<group>"; };
		71A042D81D1CD7A8008A6269 /* Assets.xcassets */ = {isa = PBXFileReference; lastKnownFileType = folder.assetcatalog; path = Assets.xcassets; sourceTree = "<group>"; };
		71A042DB1D1CD7A8008A6269 /* Base */ = {isa = PBXFileReference; lastKnownFileType = file.storyboard; name = Base; path = Base.lproj/LaunchScreen.storyboard; sourceTree = "<group>"; };
		71A042DD1D1CD7A8008A6269 /* Info.plist */ = {isa = PBXFileReference; lastKnownFileType = text.plist.xml; path = Info.plist; sourceTree = "<group>"; };
/* End PBXFileReference section */

/* Begin PBXFrameworksBuildPhase section */
		71A042CB1D1CD7A8008A6269 /* Frameworks */ = {
			isa = PBXFrameworksBuildPhase;
			buildActionMask = 2147483647;
			files = (
			);
			runOnlyForDeploymentPostprocessing = 0;
		};
/* End PBXFrameworksBuildPhase section */

/* Begin PBXGroup section */
		71A042C51D1CD7A8008A6269 = {
			isa = PBXGroup;
			children = (
				71A042D01D1CD7A8008A6269 /* Warmup */,
				71A042CF1D1CD7A8008A6269 /* Products */,
			);
			sourceTree = "<group>";
		};
		71A042CF1D1CD7A8008A6269 /* Products */ = {
			isa = PBXGroup;
			children = (
				71A042CE1D1CD7A8008A6269 /* Warmup.app */,
			);
			name = Products;
			sourceTree = "<group>";
		};
		71A042D01D1CD7A8008A6269 /* Warmup */ = {
			isa = PBXGroup;
			children = (
				71A042D11D1CD7A8008A6269 /* AppDelegate.swift */,
				71A042D31D1CD7A8008A6269 /* ViewController.swift */,
				71A042D51D1CD7A8008A6269 /* Main.storyboard */,
				71A042D81D1CD7A8008A6269 /* Assets.xcassets */,
				71A042DA1D1CD7A8008A6269 /* LaunchScreen.storyboard */,
				71A042DD1D1CD7A8008A6269 /* Info.plist */,
			);
			path = Warmup;
			sourceTree = "<group>";
		};
/* End PBXGroup section */

/* Begin PBXNativeTarget section */
		71A042CD1D1CD7A8008A6269 /* Warmup */ = {
			isa = PBXNativeTarget;
			buildConfigurationList = 71A042E01D1CD7A8008A6269 /* Build configuration list for PBXNativeTarget "Warmup" */;
			buildPhases = (
				71A042CA1D1CD7A8008A6269 /* Sources */,
				71A042CB1D1CD7A8008A6269 /* Frameworks */,
				71A042CC1D1CD7A8008A6269 /* Resources */,
			);
			buildRules = (
			);
			dependencies = (
			);
			name = Warmup;
			productName = Warmup;
			productReference = 71A042CE1D1CD7A8008A6269 /* Warmup.app */;
			productType = "com.apple.product-type.application";
		};
/* End PBXNativeTarget section */

/* Begin PBXProject section */
		71A042C61D1CD7A8008A6269 /* Project object */ = {
			isa = PBXProject;
			attributes = {
				LastSwiftUpdateCheck = 0730;
				LastUpgradeCheck = 0730;
				ORGANIZATIONNAME = "george ehrman";
				TargetAttributes = {
					71A042CD1D1CD7A8008A6269 = {
						CreatedOnToolsVersion = 7.3.1;
					};
				};
			};
			buildConfigurationList = 71A042C91D1CD7A8008A6269 /* Build configuration list for PBXProject "Warmup" */;
			compatibilityVersion = "Xcode 3.2";
			developmentRegion = English;
			hasScannedForEncodings = 0;
			knownRegions = (
				en,
				Base,
			);
			mainGroup = 71A042C51D1CD7A8008A6269;
			productRefGroup = 71A042CF1D1CD7A8008A6269 /* Products */;
			projectDirPath = "";
			projectRoot = "";
			targets = (
				71A042CD1D1CD7A8008A6269 /* Warmup */,
			);
		};
/* End PBXProject section */

/* Begin PBXResourcesBuildPhase section */
		71A042CC1D1CD7A8008A6269 /* Resources */ = {
			isa = PBXResourcesBuildPhase;
			buildActionMask = 2147483647;
			files = (
				71A042DC1D1CD7A8008A6269 /* LaunchScreen.storyboard in Resources */,
				71A042D91D1CD7A8008A6269 /* Assets.xcassets in Resources */,
				71A042D71D1CD7A8008A6269 /* Main.storyboard in Resources */,
			);
			runOnlyForDeploymentPostprocessing = 0;
		};
/* End PBXResourcesBuildPhase section */

/* Begin PBXSourcesBuildPhase section */
		71A042CA1D1CD7A8008A6269 /* Sources */ = {
			isa = PBXSourcesBuildPhase;
			buildActionMask = 2147483647;
			files = (
				71A042D41D1CD7A8008A6269 /* ViewController.swift in Sources */,
				71A042D21D1CD7A8008A6269 /* AppDelegate.swift in Sources */,
			);
			runOnlyForDeploymentPostprocessing = 0;
		};
/* End PBXSourcesBuildPhase section */

/* Begin PBXVariantGroup section */
		71A042D51D1CD7A8008A6269 /* Main.storyboard */ = {
			isa = PBXVariantGroup;
			children = (
				71A042D61D1CD7A8008A6269 /* Base */,
			);
			name = Main.storyboard;
			sourceTree = "<group>";
		};
		71A042DA1D1CD7A8008A6269 /* LaunchScreen.storyboard */ = {
			isa = PBXVariantGroup;
			children = (
				71A042DB1D1CD7A8008A6269 /* Base */,
			);
			name = LaunchScreen.storyboard;
			sourceTree = "<group>";
		};
/* End PBXVariantGroup section */

/* Begin XCBuildConfiguration section */
		71A042DE1D1CD7A8008A6269 /* Debug */ = {
			isa = XCBuildConfiguration;
			buildSettings = {
				ALWAYS_SEARCH_USER_PATHS = NO;
				CLANG_ANALYZER_NONNULL = YES;
				CLANG_CXX_LANGUAGE_STANDARD = "gnu++0x";
				CLANG_CXX_LIBRARY = "libc++";
				CLANG_ENABLE_MODULES = YES;
				CLANG_ENABLE_OBJC_ARC = YES;
				CLANG_WARN_BOOL_CONVERSION = YES;
				CLANG_WARN_CONSTANT_CONVERSION = YES;
				CLANG_WARN_DIRECT_OBJC_ISA_USAGE = YES_ERROR;
				CLANG_WARN_EMPTY_BODY = YES;
				CLANG_WARN_ENUM_CONVERSION = YES;
				CLANG_WARN_INT_CONVERSION = YES;
				CLANG_WARN_OBJC_ROOT_CLASS = YES_ERROR;
				CLANG_WARN_UNREACHABLE_CODE = YES;
				CLANG_WARN__DUPLICATE_METHOD_MATCH = YES;
				"CODE_SIGN_IDENTITY[sdk=iphoneos*]" = "iPhone Developer";
				COPY_PHASE_STRIP = NO;
				DEBUG_INFORMATION_FORMAT = dwarf;
				ENABLE_STRICT_OBJC_MSGSEND = YES;
				ENABLE_TESTABILITY = YES;
				GCC_C_LANGUAGE_STANDARD = gnu99;
				GCC_DYNAMIC_NO_PIC = NO;
				GCC_NO_COMMON_BLOCKS = YES;
				GCC_OPTIMIZATION_LEVEL = 0;
				GCC_PREPROCESSOR_DEFINITIONS = (
					"DEBUG=1",
					"$(inherited)",
				);
				GCC_WARN_64_TO_32_BIT_CONVERSION = YES;
				GCC_WARN_ABOUT_RETURN_TYPE = YES_ERROR;
				GCC_WARN_UNDECLARED_SELECTOR = YES;
				GCC_WARN_UNINITIALIZED_AUTOS = YES_AGGRESSIVE;
				GCC_WARN_UNUSED_FUNCTION = YES;
				GCC_WARN_UNUSED_VARIABLE = YES;
				IPHONEOS_DEPLOYMENT_TARGET = 9.3;
				MTL_ENABLE_DEBUG_INFO = YES;
				ONLY_ACTIVE_ARCH = YES;
				SDKROOT = iphoneos;
				SWIFT_OPTIMIZATION_LEVEL = "-Onone";
			};
			name = Debug;
		};
		71A042DF1D1CD7A8008A6269 /* Release */ = {
			isa = XCBuildConfiguration;
			buildSettings = {
				ALWAYS_SEARCH_USER_PATHS = NO;
				CLANG_ANALYZER_NONNULL = YES;
				CLANG_CXX_LANGUAGE_STANDARD = "gnu++0x";
				CLANG_CXX_LIBRARY = "libc++";
				CLANG_ENABLE_MODULES = YES;
				CLANG_ENABLE_OBJC_ARC = YES;
				CLANG_WARN_BOOL_CONVERSION = YES;
				CLANG_WARN_CONSTANT_CONVERSION = YES;
				CLANG_WARN_DIRECT_OBJC_ISA_USAGE = YES_ERROR;
				CLANG_WARN_EMPTY_BODY = YES;
				CLANG_WARN_ENUM_CONVERSION = YES;
				CLANG_WARN_INT_CONVERSION = YES;
				CLANG_WARN_OBJC_ROOT_CLASS = YES_ERROR;
				CLANG_WARN_UNREACHABLE_CODE = YES;
				CLANG_WARN__DUPLICATE_METHOD_MATCH = YES;
				"CODE_SIGN_IDENTITY[sdk=iphoneos*]" = "iPhone Developer";
				COPY_PHASE_STRIP = NO;
				DEBUG_INFORMATION_FORMAT = "dwarf-with-dsym";
				ENABLE_NS_ASSERTIONS = NO;
				ENABLE_STRICT_OBJC_MSGSEND = YES;
				GCC_C_LANGUAGE_STANDARD = gnu99;
				GCC_NO_COMMON_BLOCKS = YES;
				GCC_WARN_64_TO_32_BIT_CONVERSION = YES;
				GCC_WARN_ABOUT_RETURN_TYPE = YES_ERROR;
				GCC_WARN_UNDECLARED_SELECTOR = YES;
				GCC_WARN_UNINITIALIZED_AUTOS = YES_AGGRESSIVE;
				GCC_WARN_UNUSED_FUNCTION = YES;
				GCC_WARN_UNUSED_VARIABLE = YES;
				IPHONEOS_DEPLOYMENT_TARGET = 9.3;
				MTL_ENABLE_DEBUG_INFO = NO;
				SDKROOT = iphoneos;
				VALIDATE_PRODUCT = YES;
			};
			name = Release;
		};
		71A042E11D1CD7A8008A6269 /* Debug */ = {
			isa = XCBuildConfiguration;
			buildSettings = {
				ASSETCATALOG_COMPILER_APPICON_NAME = AppIcon;
				INFOPLIST_FILE = Warmup/Info.plist;
				LD_RUNPATH_SEARCH_PATHS = "$(inherited) @executable_path/Frameworks";
				PRODUCT_BUNDLE_IDENTIFIER = "com.george-ehrman.Warmup";
				PRODUCT_NAME = "$(TARGET_NAME)";
			};
			name = Debug;
		};
		71A042E21D1CD7A8008A6269 /* Release */ = {
			isa = XCBuildConfiguration;
			buildSettings = {
				ASSETCATALOG_COMPILER_APPICON_NAME = AppIcon;
				INFOPLIST_FILE = Warmup/Info.plist;
				LD_RUNPATH_SEARCH_PATHS = "$(inherited) @executable_path/Frameworks";
				PRODUCT_BUNDLE_IDENTIFIER = "com.george-ehrman.Warmup";
				PRODUCT_NAME = "$(TARGET_NAME)";
			};
			name = Release;
		};
/* End XCBuildConfiguration section */

/* Begin XCConfigurationList section */
		71A042C91D1CD7A8008A6269 /* Build configuration list for PBXProject "Warmup" */ = {
			isa = XCConfigurationList;
			buildConfigurations = (
				71A042DE1D1CD7A8008A6269 /* Debug */,
				71A042DF1D1CD7A8008A6269 /* Release */,
			);
			defaultConfigurationIsVisible = 0;
			defaultConfigurationName = Release;
		};
		71A042E01D1CD7A8008A6269 /* Build configuration list for PBXNativeTarget "Warmup" */ = {
			isa = XCConfigurationList;
			buildConfigurations = (
				71A042E11D1CD7A8008A6269 /* Debug */,
				71A042E21D1CD7A8008A6269 /* Release */,
			);
			defaultConfigurationIsVisible = 0;
		};
/* End XCConfigurationList section */
	};
	rootObject = 71A042C61D1CD7A8008A6269 /* Project object */;
}
